Microsoft Visual Studio Solution File, Format Version 12.00
# Visual Studio 15
VisualStudioVersion = 15.0.27004.2005
MinimumVisualStudioVersion = 15.0.26124.0
Project("{9A19103F-16F7-4668-BE54-9A1E7A4F7556}") = "IssueTracker.Web", "IssueTracker.Web\IssueTracker.Web.csproj", "{77F82F93-D544-4784-993D-AB792D1A55B0}"
EndProject
Project("{9A19103F-16F7-4668-BE54-9A1E7A4F7556}") = "IssueTracker.Tests", "IssueTracker.Tests\IssueTracker.Tests.csproj", "{AD1260A9-F07D-41CE-AFCF-0FFFCF7964BE}"
EndProject
Global
	GlobalSection(SolutionConfigurationPlatforms) = preSolution
		Debug|Any CPU = Debug|Any CPU
		Debug|x64 = Debug|x64
		Debug|x86 = Debug|x86
		Release|Any CPU = Release|Any CPU
		Release|x64 = Release|x64
		Release|x86 = Release|x86
	EndGlobalSection
	GlobalSection(ProjectConfigurationPlatforms) = postSolution
		{77F82F93-D544-4784-993D-AB792D1A55B0}.Debug|Any CPU.ActiveCfg = Debug|Any CPU
		{77F82F93-D544-4784-993D-AB792D1A55B0}.Debug|Any CPU.Build.0 = Debug|Any CPU
		{77F82F93-D544-4784-993D-AB792D1A55B0}.Debug|x64.ActiveCfg = Debug|Any CPU
		{77F82F93-D544-4784-993D-AB792D1A55B0}.Debug|x64.Build.0 = Debug|Any CPU
		{77F82F93-D544-4784-993D-AB792D1A55B0}.Debug|x86.ActiveCfg = Debug|Any CPU
		{77F82F93-D544-4784-993D-AB792D1A55B0}.Debug|x86.Build.0 = Debug|Any CPU
		{77F82F93-D544-4784-993D-AB792D1A55B0}.Release|Any CPU.ActiveCfg = Release|Any CPU
		{77F82F93-D544-4784-993D-AB792D1A55B0}.Release|Any CPU.Build.0 = Release|Any CPU
		{77F82F93-D544-4784-993D-AB792D1A55B0}.Release|x64.ActiveCfg = Release|Any CPU
		{77F82F93-D544-4784-993D-AB792D1A55B0}.Release|x64.Build.0 = Release|Any CPU
		{77F82F93-D544-4784-993D-AB792D1A55B0}.Release|x86.ActiveCfg = Release|Any CPU
		{77F82F93-D544-4784-993D-AB792D1A55B0}.Release|x86.Build.0 = Release|Any CPU
		{AD1260A9-F07D-41CE-AFCF-0FFFCF7964BE}.Debug|Any CPU.ActiveCfg = Debug|Any CPU
		{AD1260A9-F07D-41CE-AFCF-0FFFCF7964BE}.Debug|Any CPU.Build.0 = Debug|Any CPU
		{AD1260A9-F07D-41CE-AFCF-0FFFCF7964BE}.Debug|x64.ActiveCfg = Debug|Any CPU
		{AD1260A9-F07D-41CE-AFCF-0FFFCF7964BE}.Debug|x64.Build.0 = Debug|Any CPU
		{AD1260A9-F07D-41CE-AFCF-0FFFCF7964BE}.Debug|x86.ActiveCfg = Debug|Any CPU
		{AD1260A9-F07D-41CE-AFCF-0FFFCF7964BE}.Debug|x86.Build.0 = Debug|Any CPU
		{AD1260A9-F07D-41CE-AFCF-0FFFCF7964BE}.Release|Any CPU.ActiveCfg = Release|Any CPU
		{AD1260A9-F07D-41CE-AFCF-0FFFCF7964BE}.Release|Any CPU.Build.0 = Release|Any CPU
		{AD1260A9-F07D-41CE-AFCF-0FFFCF7964BE}.Release|x64.ActiveCfg = Release|Any CPU
		{AD1260A9-F07D-41CE-AFCF-0FFFCF7964BE}.Release|x64.Build.0 = Release|Any CPU
		{AD1260A9-F07D-41CE-AFCF-0FFFCF7964BE}.Release|x86.ActiveCfg = Release|Any CPU
		{AD1260A9-F07D-41CE-AFCF-0FFFCF7964BE}.Release|x86.Build.0 = Release|Any CPU
	EndGlobalSection
	GlobalSection(SolutionProperties) = preSolution
		HideSolutionNode = FALSE
	EndGlobalSection
	GlobalSection(ExtensibilityGlobals) = postSolution
		SolutionGuid = {115117C4-D62B-4A73-9072-1C541979A650}
	EndGlobalSection
EndGlobal
